
Microsoft Visual Studio Solution File, Format Version 10.00
# Visual Studio 2008
Project("{FAE04EC0-301F-11D3-BF4B-00C04F79EFBC}") = "OEMTitleBarHandler", "OEMTitleBarHandler\OEMTitleBarHandler.csproj", "{30B21C4C-15A8-405F-B5C1-E2DBC820BC91}"
EndProject
Project("{FAE04EC0-301F-11D3-BF4B-00C04F79EFBC}") = "Remnet", "Remnet\Remnet.csproj", "{5F7EC292-D3DE-4BF1-B57C-50158E62445D}"
EndProject
Project("{FAE04EC0-301F-11D3-BF4B-00C04F79EFBC}") = "WinCE_Form", "WinCE_Form\WinCE_Form.csproj", "{FD704352-8C3E-4BD5-8BFB-DC304454411C}"
EndProject
Global
	GlobalSection(SubversionScc) = preSolution
		Svn-Managed = True
		Manager = AnkhSVN - Subversion Support for Visual Studio
	EndGlobalSection
	GlobalSection(SolutionConfigurationPlatforms) = preSolution
		Debug|Any CPU = Debug|Any CPU
		Release|Any CPU = Release|Any CPU
	EndGlobalSection
	GlobalSection(ProjectConfigurationPlatforms) = postSolution
		{30B21C4C-15A8-405F-B5C1-E2DBC820BC91}.Debug|Any CPU.ActiveCfg = Debug|Any CPU
		{30B21C4C-15A8-405F-B5C1-E2DBC820BC91}.Debug|Any CPU.Build.0 = Debug|Any CPU
		{30B21C4C-15A8-405F-B5C1-E2DBC820BC91}.Debug|Any CPU.Deploy.0 = Debug|Any CPU
		{30B21C4C-15A8-405F-B5C1-E2DBC820BC91}.Release|Any CPU.ActiveCfg = Release|Any CPU
		{30B21C4C-15A8-405F-B5C1-E2DBC820BC91}.Release|Any CPU.Build.0 = Release|Any CPU
		{30B21C4C-15A8-405F-B5C1-E2DBC820BC91}.Release|Any CPU.Deploy.0 = Release|Any CPU
		{5F7EC292-D3DE-4BF1-B57C-50158E62445D}.Debug|Any CPU.ActiveCfg = Debug|Any CPU
		{5F7EC292-D3DE-4BF1-B57C-50158E62445D}.Debug|Any CPU.Build.0 = Debug|Any CPU
		{5F7EC292-D3DE-4BF1-B57C-50158E62445D}.Debug|Any CPU.Deploy.0 = Debug|Any CPU
		{5F7EC292-D3DE-4BF1-B57C-50158E62445D}.Release|Any CPU.ActiveCfg = Release|Any CPU
		{5F7EC292-D3DE-4BF1-B57C-50158E62445D}.Release|Any CPU.Build.0 = Release|Any CPU
		{5F7EC292-D3DE-4BF1-B57C-50158E62445D}.Release|Any CPU.Deploy.0 = Release|Any CPU
		{FD704352-8C3E-4BD5-8BFB-DC304454411C}.Debug|Any CPU.ActiveCfg = Debug|Any CPU
		{FD704352-8C3E-4BD5-8BFB-DC304454411C}.Debug|Any CPU.Build.0 = Debug|Any CPU
		{FD704352-8C3E-4BD5-8BFB-DC304454411C}.Debug|Any CPU.Deploy.0 = Debug|Any CPU
		{FD704352-8C3E-4BD5-8BFB-DC304454411C}.Release|Any CPU.ActiveCfg = Release|Any CPU
		{FD704352-8C3E-4BD5-8BFB-DC304454411C}.Release|Any CPU.Build.0 = Release|Any CPU
		{FD704352-8C3E-4BD5-8BFB-DC304454411C}.Release|Any CPU.Deploy.0 = Release|Any CPU
	EndGlobalSection
	GlobalSection(SolutionProperties) = preSolution
		HideSolutionNode = FALSE
	EndGlobalSection
EndGlobal
